
Microsoft Visual Studio Solution File, Format Version 12.00
# Visual Studio Version 17
VisualStudioVersion = 17.3.32825.248
MinimumVisualStudioVersion = 10.0.40219.1
Project("{FAE04EC0-301F-11D3-BF4B-00C04F79EFBC}") = "2022-11-02-TestGenric", "2022-11-02-TestGenric\2022-11-02-TestGenric.csproj", "{6CA7137E-2813-4919-8B51-7B5BD033F28B}"
EndProject
Global
	GlobalSection(SolutionConfigurationPlatforms) = preSolution
		Debug|Any CPU = Debug|Any CPU
		Release|Any CPU = Release|Any CPU
	EndGlobalSection
	GlobalSection(ProjectConfigurationPlatforms) = postSolution
		{6CA7137E-2813-4919-8B51-7B5BD033F28B}.Debug|Any CPU.ActiveCfg = Debug|Any CPU
		{6CA7137E-2813-4919-8B51-7B5BD033F28B}.Debug|Any CPU.Build.0 = Debug|Any CPU
		{6CA7137E-2813-4919-8B51-7B5BD033F28B}.Release|Any CPU.ActiveCfg = Release|Any CPU
		{6CA7137E-2813-4919-8B51-7B5BD033F28B}.Release|Any CPU.Build.0 = Release|Any CPU
	EndGlobalSection
	GlobalSection(SolutionProperties) = preSolution
		HideSolutionNode = FALSE
	EndGlobalSection
	GlobalSection(ExtensibilityGlobals) = postSolution
		SolutionGuid = {18958467-DB91-4A02-AA5E-DF0C7572BACA}
	EndGlobalSection
EndGlobal
